
Microsoft Visual Studio Solution File, Format Version 12.00
# Visual Studio Version 17
VisualStudioVersion = 17.4.33122.133
MinimumVisualStudioVersion = 10.0.40219.1
Project("{FAE04EC0-301F-11D3-BF4B-00C04F79EFBC}") = "question005", "question005\question005.csproj", "{C396230A-7928-49BA-8549-1ADFECAA33A0}"
EndProject
Global
	GlobalSection(SolutionConfigurationPlatforms) = preSolution
		Debug|Any CPU = Debug|Any CPU
		Release|Any CPU = Release|Any CPU
	EndGlobalSection
	GlobalSection(ProjectConfigurationPlatforms) = postSolution
		{C396230A-7928-49BA-8549-1ADFECAA33A0}.Debug|Any CPU.ActiveCfg = Debug|Any CPU
		{C396230A-7928-49BA-8549-1ADFECAA33A0}.Debug|Any CPU.Build.0 = Debug|Any CPU
		{C396230A-7928-49BA-8549-1ADFECAA33A0}.Release|Any CPU.ActiveCfg = Release|Any CPU
		{C396230A-7928-49BA-8549-1ADFECAA33A0}.Release|Any CPU.Build.0 = Release|Any CPU
	EndGlobalSection
	GlobalSection(SolutionProperties) = preSolution
		HideSolutionNode = FALSE
	EndGlobalSection
	GlobalSection(ExtensibilityGlobals) = postSolution
		SolutionGuid = {FF03EC6A-5815-4A65-AFA6-B6C5E82250CA}
	EndGlobalSection
EndGlobal
