
Microsoft Visual Studio Solution File, Format Version 12.00
# Visual Studio Version 17
VisualStudioVersion = 17.4.33122.133
MinimumVisualStudioVersion = 10.0.40219.1
Project("{FAE04EC0-301F-11D3-BF4B-00C04F79EFBC}") = "question002", "question002\question002.csproj", "{AA7B71F2-5032-4AA0-BF00-2BEB439BA82C}"
EndProject
Global
	GlobalSection(SolutionConfigurationPlatforms) = preSolution
		Debug|Any CPU = Debug|Any CPU
		Release|Any CPU = Release|Any CPU
	EndGlobalSection
	GlobalSection(ProjectConfigurationPlatforms) = postSolution
		{AA7B71F2-5032-4AA0-BF00-2BEB439BA82C}.Debug|Any CPU.ActiveCfg = Debug|Any CPU
		{AA7B71F2-5032-4AA0-BF00-2BEB439BA82C}.Debug|Any CPU.Build.0 = Debug|Any CPU
		{AA7B71F2-5032-4AA0-BF00-2BEB439BA82C}.Release|Any CPU.ActiveCfg = Release|Any CPU
		{AA7B71F2-5032-4AA0-BF00-2BEB439BA82C}.Release|Any CPU.Build.0 = Release|Any CPU
	EndGlobalSection
	GlobalSection(SolutionProperties) = preSolution
		HideSolutionNode = FALSE
	EndGlobalSection
	GlobalSection(ExtensibilityGlobals) = postSolution
		SolutionGuid = {D14F8FA0-EA01-4C1B-80B8-E7408AE2486D}
	EndGlobalSection
EndGlobal
